
Microsoft Visual Studio Solution File, Format Version 12.00
# Visual Studio Version 17
VisualStudioVersion = 17.14.36717.8 d17.14
MinimumVisualStudioVersion = 10.0.40219.1
Project("{FAE04EC0-301F-11D3-BF4B-00C04F79EFBC}") = "Andrea_Bushner_Unit2_IT481", "Andrea_Bushner_Unit2_IT481\Andrea_Bushner_Unit2_IT481.csproj", "{DEA6F0C6-E6D9-49C6-8D86-53549AB0EB9B}"
EndProject
Global
	GlobalSection(SolutionConfigurationPlatforms) = preSolution
		Debug|Any CPU = Debug|Any CPU
		Release|Any CPU = Release|Any CPU
	EndGlobalSection
	GlobalSection(ProjectConfigurationPlatforms) = postSolution
		{DEA6F0C6-E6D9-49C6-8D86-53549AB0EB9B}.Debug|Any CPU.ActiveCfg = Debug|Any CPU
		{DEA6F0C6-E6D9-49C6-8D86-53549AB0EB9B}.Debug|Any CPU.Build.0 = Debug|Any CPU
		{DEA6F0C6-E6D9-49C6-8D86-53549AB0EB9B}.Release|Any CPU.ActiveCfg = Release|Any CPU
		{DEA6F0C6-E6D9-49C6-8D86-53549AB0EB9B}.Release|Any CPU.Build.0 = Release|Any CPU
	EndGlobalSection
	GlobalSection(SolutionProperties) = preSolution
		HideSolutionNode = FALSE
	EndGlobalSection
	GlobalSection(ExtensibilityGlobals) = postSolution
		SolutionGuid = {C258E66B-D67B-4DB0-ADE7-C87BBA197D63}
	EndGlobalSection
EndGlobal
